
Microsoft Visual Studio Solution File, Format Version 12.00
# Visual Studio Version 17
VisualStudioVersion = 17.4.33205.214
MinimumVisualStudioVersion = 10.0.40219.1
Project("{9A19103F-16F7-4668-BE54-9A1E7A4F7556}") = "BulkyBookWeb", "BulkyBookWeb\BulkyBookWeb.csproj", "{BDD93DF4-B27A-43A0-B639-FC2CB77C40FE}"
EndProject
Project("{FAE04EC0-301F-11D3-BF4B-00C04F79EFBC}") = "BulkyBook.DataAccess", "BulkyBook.DataAccess\BulkyBook.DataAccess.csproj", "{2335DD02-4738-460C-84AF-23CD9A6A2929}"
EndProject
Project("{FAE04EC0-301F-11D3-BF4B-00C04F79EFBC}") = "BulkyBook.Models", "BulkyBook.Models\BulkyBook.Models.csproj", "{83A62EBE-3776-4216-B476-86231102F295}"
EndProject
Project("{FAE04EC0-301F-11D3-BF4B-00C04F79EFBC}") = "BulkyBook.Utility", "BulkyBook.Utility\BulkyBook.Utility.csproj", "{73A32DA3-01F5-4321-B794-EBD9011785BB}"
EndProject
Global
	GlobalSection(SolutionConfigurationPlatforms) = preSolution
		Debug|Any CPU = Debug|Any CPU
		Release|Any CPU = Release|Any CPU
	EndGlobalSection
	GlobalSection(ProjectConfigurationPlatforms) = postSolution
		{BDD93DF4-B27A-43A0-B639-FC2CB77C40FE}.Debug|Any CPU.ActiveCfg = Debug|Any CPU
		{BDD93DF4-B27A-43A0-B639-FC2CB77C40FE}.Debug|Any CPU.Build.0 = Debug|Any CPU
		{BDD93DF4-B27A-43A0-B639-FC2CB77C40FE}.Release|Any CPU.ActiveCfg = Release|Any CPU
		{BDD93DF4-B27A-43A0-B639-FC2CB77C40FE}.Release|Any CPU.Build.0 = Release|Any CPU
		{2335DD02-4738-460C-84AF-23CD9A6A2929}.Debug|Any CPU.ActiveCfg = Debug|Any CPU
		{2335DD02-4738-460C-84AF-23CD9A6A2929}.Debug|Any CPU.Build.0 = Debug|Any CPU
		{2335DD02-4738-460C-84AF-23CD9A6A2929}.Release|Any CPU.ActiveCfg = Release|Any CPU
		{2335DD02-4738-460C-84AF-23CD9A6A2929}.Release|Any CPU.Build.0 = Release|Any CPU
		{83A62EBE-3776-4216-B476-86231102F295}.Debug|Any CPU.ActiveCfg = Debug|Any CPU
		{83A62EBE-3776-4216-B476-86231102F295}.Debug|Any CPU.Build.0 = Debug|Any CPU
		{83A62EBE-3776-4216-B476-86231102F295}.Release|Any CPU.ActiveCfg = Release|Any CPU
		{83A62EBE-3776-4216-B476-86231102F295}.Release|Any CPU.Build.0 = Release|Any CPU
		{73A32DA3-01F5-4321-B794-EBD9011785BB}.Debug|Any CPU.ActiveCfg = Debug|Any CPU
		{73A32DA3-01F5-4321-B794-EBD9011785BB}.Debug|Any CPU.Build.0 = Debug|Any CPU
		{73A32DA3-01F5-4321-B794-EBD9011785BB}.Release|Any CPU.ActiveCfg = Release|Any CPU
		{73A32DA3-01F5-4321-B794-EBD9011785BB}.Release|Any CPU.Build.0 = Release|Any CPU
	EndGlobalSection
	GlobalSection(SolutionProperties) = preSolution
		HideSolutionNode = FALSE
	EndGlobalSection
	GlobalSection(ExtensibilityGlobals) = postSolution
		SolutionGuid = {4D05F2F9-E56F-4382-BA01-F6DA4EA5C233}
	EndGlobalSection
EndGlobal
